
Microsoft Visual Studio Solution File, Format Version 12.00
# Visual Studio 15
VisualStudioVersion = 15.0.27428.2043
MinimumVisualStudioVersion = 10.0.40219.1
Project("{FAE04EC0-301F-11D3-BF4B-00C04F79EFBC}") = "ESKScoreboardConnector", "ESKScoreboardConnector\ESKScoreboardConnector.csproj", "{7CA1C458-EEE4-419F-918A-9E7A7C556DDE}"
EndProject
Global
	GlobalSection(SolutionConfigurationPlatforms) = preSolution
		Debug|Any CPU = Debug|Any CPU
		Release|Any CPU = Release|Any CPU
	EndGlobalSection
	GlobalSection(ProjectConfigurationPlatforms) = postSolution
		{7CA1C458-EEE4-419F-918A-9E7A7C556DDE}.Debug|Any CPU.ActiveCfg = Debug|Any CPU
		{7CA1C458-EEE4-419F-918A-9E7A7C556DDE}.Debug|Any CPU.Build.0 = Debug|Any CPU
		{7CA1C458-EEE4-419F-918A-9E7A7C556DDE}.Release|Any CPU.ActiveCfg = Release|Any CPU
		{7CA1C458-EEE4-419F-918A-9E7A7C556DDE}.Release|Any CPU.Build.0 = Release|Any CPU
	EndGlobalSection
	GlobalSection(SolutionProperties) = preSolution
		HideSolutionNode = FALSE
	EndGlobalSection
	GlobalSection(ExtensibilityGlobals) = postSolution
		SolutionGuid = {C5F04272-1808-45BA-8C0A-CF799C25497F}
	EndGlobalSection
EndGlobal
